
Microsoft Visual Studio Solution File, Format Version 12.00
# Visual Studio Version 17
VisualStudioVersion = 17.3.32922.545
MinimumVisualStudioVersion = 10.0.40219.1
Project("{9A19103F-16F7-4668-BE54-9A1E7A4F7556}") = "Domain", "CleanMovieDomain\Domain.csproj", "{25747250-8D57-4E39-A47D-615B45AD58E8}"
EndProject
Project("{9A19103F-16F7-4668-BE54-9A1E7A4F7556}") = "Application", "CleanMovie.Application\Application.csproj", "{D324AD37-ABE6-4F5E-B30B-639D7D2BAF1E}"
EndProject
Project("{9A19103F-16F7-4668-BE54-9A1E7A4F7556}") = "Infrastructure", "CleanMovie.Infrastructure\Infrastructure.csproj", "{4EB40CCD-6D2A-44B1-A141-3CFD478BACFC}"
EndProject
Project("{9A19103F-16F7-4668-BE54-9A1E7A4F7556}") = "SApi", "CleanMovie.SApi\SApi.csproj", "{ADFE3E14-6966-472D-B66A-337AEA4C4E56}"
EndProject
Project("{E53339B2-1760-4266-BCC7-CA923CBCF16C}") = "docker-compose", "docker-compose.dcproj", "{243E8E61-FD27-4682-823F-0CFA96D09FA5}"
EndProject
Global
	GlobalSection(SolutionConfigurationPlatforms) = preSolution
		Debug|Any CPU = Debug|Any CPU
		Release|Any CPU = Release|Any CPU
	EndGlobalSection
	GlobalSection(ProjectConfigurationPlatforms) = postSolution
		{25747250-8D57-4E39-A47D-615B45AD58E8}.Debug|Any CPU.ActiveCfg = Debug|Any CPU
		{25747250-8D57-4E39-A47D-615B45AD58E8}.Debug|Any CPU.Build.0 = Debug|Any CPU
		{25747250-8D57-4E39-A47D-615B45AD58E8}.Release|Any CPU.ActiveCfg = Release|Any CPU
		{25747250-8D57-4E39-A47D-615B45AD58E8}.Release|Any CPU.Build.0 = Release|Any CPU
		{D324AD37-ABE6-4F5E-B30B-639D7D2BAF1E}.Debug|Any CPU.ActiveCfg = Debug|Any CPU
		{D324AD37-ABE6-4F5E-B30B-639D7D2BAF1E}.Debug|Any CPU.Build.0 = Debug|Any CPU
		{D324AD37-ABE6-4F5E-B30B-639D7D2BAF1E}.Release|Any CPU.ActiveCfg = Release|Any CPU
		{D324AD37-ABE6-4F5E-B30B-639D7D2BAF1E}.Release|Any CPU.Build.0 = Release|Any CPU
		{4EB40CCD-6D2A-44B1-A141-3CFD478BACFC}.Debug|Any CPU.ActiveCfg = Debug|Any CPU
		{4EB40CCD-6D2A-44B1-A141-3CFD478BACFC}.Debug|Any CPU.Build.0 = Debug|Any CPU
		{4EB40CCD-6D2A-44B1-A141-3CFD478BACFC}.Release|Any CPU.ActiveCfg = Release|Any CPU
		{4EB40CCD-6D2A-44B1-A141-3CFD478BACFC}.Release|Any CPU.Build.0 = Release|Any CPU
		{ADFE3E14-6966-472D-B66A-337AEA4C4E56}.Debug|Any CPU.ActiveCfg = Debug|Any CPU
		{ADFE3E14-6966-472D-B66A-337AEA4C4E56}.Debug|Any CPU.Build.0 = Debug|Any CPU
		{ADFE3E14-6966-472D-B66A-337AEA4C4E56}.Release|Any CPU.ActiveCfg = Release|Any CPU
		{ADFE3E14-6966-472D-B66A-337AEA4C4E56}.Release|Any CPU.Build.0 = Release|Any CPU
		{243E8E61-FD27-4682-823F-0CFA96D09FA5}.Debug|Any CPU.ActiveCfg = Debug|Any CPU
		{243E8E61-FD27-4682-823F-0CFA96D09FA5}.Debug|Any CPU.Build.0 = Debug|Any CPU
		{243E8E61-FD27-4682-823F-0CFA96D09FA5}.Release|Any CPU.ActiveCfg = Release|Any CPU
		{243E8E61-FD27-4682-823F-0CFA96D09FA5}.Release|Any CPU.Build.0 = Release|Any CPU
	EndGlobalSection
	GlobalSection(SolutionProperties) = preSolution
		HideSolutionNode = FALSE
	EndGlobalSection
	GlobalSection(ExtensibilityGlobals) = postSolution
		SolutionGuid = {2310890C-B22F-4FE1-A78E-ED7E00E1FAA7}
	EndGlobalSection
EndGlobal
